// !$*UTF8*$!
{
	archiveVersion = 1;
	classes = {
	};
	objectVersion = 46;
	objects = {

/* Begin PBXBuildFile section */
		705026691B0C773300B31919 /* AppDelegate.swift in Sources */ = {isa = PBXBuildFile; fileRef = 705026681B0C773300B31919 /* AppDelegate.swift */; };
		7050266B1B0C773300B31919 /* RecordSoundViewController.swift in Sources */ = {isa = PBXBuildFile; fileRef = 7050266A1B0C773300B31919 /* RecordSoundViewController.swift */; };
		7050266E1B0C773300B31919 /* Main.storyboard in Resources */ = {isa = PBXBuildFile; fileRef = 7050266C1B0C773300B31919 /* Main.storyboard */; };
		705026701B0C773300B31919 /* Images.xcassets in Resources */ = {isa = PBXBuildFile; fileRef = 7050266F1B0C773300B31919 /* Images.xcassets */; };
		705026731B0C773300B31919 /* LaunchScreen.xib in Resources */ = {isa = PBXBuildFile; fileRef = 705026711B0C773300B31919 /* LaunchScreen.xib */; };
		7050267F1B0C773300B31919 /* Pitch_PerfectTests.swift in Sources */ = {isa = PBXBuildFile; fileRef = 7050267E1B0C773300B31919 /* Pitch_PerfectTests.swift */; };
		7087CC131B1F341200D62260 /* PlaySoundsViewController.swift in Sources */ = {isa = PBXBuildFile; fileRef = 7087CC121B1F341200D62260 /* PlaySoundsViewController.swift */; };
		7087CC151B1F362300D62260 /* movie_quote.mp3 in Resources */ = {isa = PBXBuildFile; fileRef = 7087CC141B1F362300D62260 /* movie_quote.mp3 */; };
		7087CC171B1F42CF00D62260 /* RecordedAudio.swift in Sources */ = {isa = PBXBuildFile; fileRef = 7087CC161B1F42CF00D62260 /* RecordedAudio.swift */; };
/* End PBXBuildFile section */

/* Begin PBXContainerItemProxy section */
		705026791B0C773300B31919 /* PBXContainerItemProxy */ = {
			isa = PBXContainerItemProxy;
			containerPortal = 7050265B1B0C773300B31919 /* Project object */;
			proxyType = 1;
			remoteGlobalIDString = 705026621B0C773300B31919;
			remoteInfo = "Pitch Perfect";
		};
/* End PBXContainerItemProxy section */

/* Begin PBXFileReference section */
		705026631B0C773300B31919 /* Pitch Perfect.app */ = {isa = PBXFileReference; explicitFileType = wrapper.application; includeInIndex = 0; path = "Pitch Perfect.app"; sourceTree = BUILT_PRODUCTS_DIR; };
		705026671B0C773300B31919 /* Info.plist */ = {isa = PBXFileReference; lastKnownFileType = text.plist.xml; path = Info.plist; sourceTree = "<group>"; };
		705026681B0C773300B31919 /* AppDelegate.swift */ = {isa = PBXFileReference; lastKnownFileType = sourcecode.swift; path = AppDelegate.swift; sourceTree = "<group>"; };
		7050266A1B0C773300B31919 /* RecordSoundViewController.swift */ = {isa = PBXFileReference; lastKnownFileType = sourcecode.swift; path = RecordSoundViewController.swift; sourceTree = "<group>"; };
		7050266D1B0C773300B31919 /* Base */ = {isa = PBXFileReference; lastKnownFileType = file.storyboard; name = Base; path = Base.lproj/Main.storyboard; sourceTree = "<group>"; };
		7050266F1B0C773300B31919 /* Images.xcassets */ = {isa = PBXFileReference; lastKnownFileType = folder.assetcatalog; path = Images.xcassets; sourceTree = "<group>"; };
		705026721B0C773300B31919 /* Base */ = {isa = PBXFileReference; lastKnownFileType = file.xib; name = Base; path = Base.lproj/LaunchScreen.xib; sourceTree = "<group>"; };
		705026781B0C773300B31919 /* Pitch PerfectTests.xctest */ = {isa = PBXFileReference; explicitFileType = wrapper.cfbundle; includeInIndex = 0; path = "Pitch PerfectTests.xctest"; sourceTree = BUILT_PRODUCTS_DIR; };
		7050267D1B0C773300B31919 /* Info.plist */ = {isa = PBXFileReference; lastKnownFileType = text.plist.xml; path = Info.plist; sourceTree = "<group>"; };
		7050267E1B0C773300B31919 /* Pitch_PerfectTests.swift */ = {isa = PBXFileReference; lastKnownFileType = sourcecode.swift; path = Pitch_PerfectTests.swift; sourceTree = "<group>"; };
		7087CC121B1F341200D62260 /* PlaySoundsViewController.swift */ = {isa = PBXFileReference; fileEncoding = 4; lastKnownFileType = sourcecode.swift; path = PlaySoundsViewController.swift; sourceTree = "<group>"; };
		7087CC141B1F362300D62260 /* movie_quote.mp3 */ = {isa = PBXFileReference; lastKnownFileType = audio.mp3; path = movie_quote.mp3; sourceTree = "<group>"; };
		7087CC161B1F42CF00D62260 /* RecordedAudio.swift */ = {isa = PBXFileReference; fileEncoding = 4; lastKnownFileType = sourcecode.swift; path = RecordedAudio.swift; sourceTree = "<group>"; };
/* End PBXFileReference section */

/* Begin PBXFrameworksBuildPhase section */
		705026601B0C773300B31919 /* Frameworks */ = {
			isa = PBXFrameworksBuildPhase;
			buildActionMask = 2147483647;
			files = (
			);
			runOnlyForDeploymentPostprocessing = 0;
		};
		705026751B0C773300B31919 /* Frameworks */ = {
			isa = PBXFrameworksBuildPhase;
			buildActionMask = 2147483647;
			files = (
			);
			runOnlyForDeploymentPostprocessing = 0;
		};
/* End PBXFrameworksBuildPhase section */

/* Begin PBXGroup section */
		7050265A1B0C773300B31919 = {
			isa = PBXGroup;
			children = (
				705026651B0C773300B31919 /* Pitch Perfect */,
				7050267B1B0C773300B31919 /* Pitch PerfectTests */,
				705026641B0C773300B31919 /* Products */,
			);
			sourceTree = "<group>";
		};
		705026641B0C773300B31919 /* Products */ = {
			isa = PBXGroup;
			children = (
				705026631B0C773300B31919 /* Pitch Perfect.app */,
				705026781B0C773300B31919 /* Pitch PerfectTests.xctest */,
			);
			name = Products;
			sourceTree = "<group>";
		};
		705026651B0C773300B31919 /* Pitch Perfect */ = {
			isa = PBXGroup;
			children = (
				7087CC141B1F362300D62260 /* movie_quote.mp3 */,
				7087CC121B1F341200D62260 /* PlaySoundsViewController.swift */,
				705026681B0C773300B31919 /* AppDelegate.swift */,
				7050266A1B0C773300B31919 /* RecordSoundViewController.swift */,
				7087CC161B1F42CF00D62260 /* RecordedAudio.swift */,
				7050266C1B0C773300B31919 /* Main.storyboard */,
				7050266F1B0C773300B31919 /* Images.xcassets */,
				705026711B0C773300B31919 /* LaunchScreen.xib */,
				705026661B0C773300B31919 /* Supporting Files */,
			);
			path = "Pitch Perfect";
			sourceTree = "<group>";
		};
		705026661B0C773300B31919 /* Supporting Files */ = {
			isa = PBXGroup;
			children = (
				705026671B0C773300B31919 /* Info.plist */,
			);
			name = "Supporting Files";
			sourceTree = "<group>";
		};
		7050267B1B0C773300B31919 /* Pitch PerfectTests */ = {
			isa = PBXGroup;
			children = (
				7050267E1B0C773300B31919 /* Pitch_PerfectTests.swift */,
				7050267C1B0C773300B31919 /* Supporting Files */,
			);
			path = "Pitch PerfectTests";
			sourceTree = "<group>";
		};
		7050267C1B0C773300B31919 /* Supporting Files */ = {
			isa = PBXGroup;
			children = (
				7050267D1B0C773300B31919 /* Info.plist */,
			);
			name = "Supporting Files";
			sourceTree = "<group>";
		};
/* End PBXGroup section */

/* Begin PBXNativeTarget section */
		705026621B0C773300B31919 /* Pitch Perfect */ = {
			isa = PBXNativeTarget;
			buildConfigurationList = 705026821B0C773300B31919 /* Build configuration list for PBXNativeTarget "Pitch Perfect" */;
			buildPhases = (
				7050265F1B0C773300B31919 /* Sources */,
				705026601B0C773300B31919 /* Frameworks */,
				705026611B0C773300B31919 /* Resources */,
			);
			buildRules = (
			);
			dependencies = (
			);
			name = "Pitch Perfect";
			productName = "Pitch Perfect";
			productReference = 705026631B0C773300B31919 /* Pitch Perfect.app */;
			productType = "com.apple.product-type.application";
		};
		705026771B0C773300B31919 /* Pitch PerfectTests */ = {
			isa = PBXNativeTarget;
			buildConfigurationList = 705026851B0C773300B31919 /* Build configuration list for PBXNativeTarget "Pitch PerfectTests" */;
			buildPhases = (
				705026741B0C773300B31919 /* Sources */,
				705026751B0C773300B31919 /* Frameworks */,
				705026761B0C773300B31919 /* Resources */,
			);
			buildRules = (
			);
			dependencies = (
				7050267A1B0C773300B31919 /* PBXTargetDependency */,
			);
			name = "Pitch PerfectTests";
			productName = "Pitch PerfectTests";
			productReference = 705026781B0C773300B31919 /* Pitch PerfectTests.xctest */;
			productType = "com.apple.product-type.bundle.unit-test";
		};
/* End PBXNativeTarget section */

/* Begin PBXProject section */
		7050265B1B0C773300B31919 /* Project object */ = {
			isa = PBXProject;
			attributes = {
				LastUpgradeCheck = 0630;
				ORGANIZATIONNAME = Qazi;
				TargetAttributes = {
					705026621B0C773300B31919 = {
						CreatedOnToolsVersion = 6.3.1;
					};
					705026771B0C773300B31919 = {
						CreatedOnToolsVersion = 6.3.1;
						TestTargetID = 705026621B0C773300B31919;
					};
				};
			};
			buildConfigurationList = 7050265E1B0C773300B31919 /* Build configuration list for PBXProject "Pitch Perfect" */;
			compatibilityVersion = "Xcode 3.2";
			developmentRegion = English;
			hasScannedForEncodings = 0;
			knownRegions = (
				en,
				Base,
			);
			mainGroup = 7050265A1B0C773300B31919;
			productRefGroup = 705026641B0C773300B31919 /* Products */;
			projectDirPath = "";
			projectRoot = "";
			targets = (
				705026621B0C773300B31919 /* Pitch Perfect */,
				705026771B0C773300B31919 /* Pitch PerfectTests */,
			);
		};
/* End PBXProject section */

/* Begin PBXResourcesBuildPhase section */
		705026611B0C773300B31919 /* Resources */ = {
			isa = PBXResourcesBuildPhase;
			buildActionMask = 2147483647;
			files = (
				7050266E1B0C773300B31919 /* Main.storyboard in Resources */,
				705026731B0C773300B31919 /* LaunchScreen.xib in Resources */,
				7087CC151B1F362300D62260 /* movie_quote.mp3 in Resources */,
				705026701B0C773300B31919 /* Images.xcassets in Resources */,
			);
			runOnlyForDeploymentPostprocessing = 0;
		};
		705026761B0C773300B31919 /* Resources */ = {
			isa = PBXResourcesBuildPhase;
			buildActionMask = 2147483647;
			files = (
			);
			runOnlyForDeploymentPostprocessing = 0;
		};
/* End PBXResourcesBuildPhase section */

/* Begin PBXSourcesBuildPhase section */
		7050265F1B0C773300B31919 /* Sources */ = {
			isa = PBXSourcesBuildPhase;
			buildActionMask = 2147483647;
			files = (
				7087CC171B1F42CF00D62260 /* RecordedAudio.swift in Sources */,
				7050266B1B0C773300B31919 /* RecordSoundViewController.swift in Sources */,
				7087CC131B1F341200D62260 /* PlaySoundsViewController.swift in Sources */,
				705026691B0C773300B31919 /* AppDelegate.swift in Sources */,
			);
			runOnlyForDeploymentPostprocessing = 0;
		};
		705026741B0C773300B31919 /* Sources */ = {
			isa = PBXSourcesBuildPhase;
			buildActionMask = 2147483647;
			files = (
				7050267F1B0C773300B31919 /* Pitch_PerfectTests.swift in Sources */,
			);
			runOnlyForDeploymentPostprocessing = 0;
		};
/* End PBXSourcesBuildPhase section */

/* Begin PBXTargetDependency section */
		7050267A1B0C773300B31919 /* PBXTargetDependency */ = {
			isa = PBXTargetDependency;
			target = 705026621B0C773300B31919 /* Pitch Perfect */;
			targetProxy = 705026791B0C773300B31919 /* PBXContainerItemProxy */;
		};
/* End PBXTargetDependency section */

/* Begin PBXVariantGroup section */
		7050266C1B0C773300B31919 /* Main.storyboard */ = {
			isa = PBXVariantGroup;
			children = (
				7050266D1B0C773300B31919 /* Base */,
			);
			name = Main.storyboard;
			sourceTree = "<group>";
		};
		705026711B0C773300B31919 /* LaunchScreen.xib */ = {
			isa = PBXVariantGroup;
			children = (
				705026721B0C773300B31919 /* Base */,
			);
			name = LaunchScreen.xib;
			sourceTree = "<group>";
		};
/* End PBXVariantGroup section */

/* Begin XCBuildConfiguration section */
		705026801B0C773300B31919 /* Debug */ = {
			isa = XCBuildConfiguration;
			buildSettings = {
				ALWAYS_SEARCH_USER_PATHS = NO;
				CLANG_CXX_LANGUAGE_STANDARD = "gnu++0x";
				CLANG_CXX_LIBRARY = "libc++";
				CLANG_ENABLE_MODULES = YES;
				CLANG_ENABLE_OBJC_ARC = YES;
				CLANG_WARN_BOOL_CONVERSION = YES;
				CLANG_WARN_CONSTANT_CONVERSION = YES;
				CLANG_WARN_DIRECT_OBJC_ISA_USAGE = YES_ERROR;
				CLANG_WARN_EMPTY_BODY = YES;
				CLANG_WARN_ENUM_CONVERSION = YES;
				CLANG_WARN_INT_CONVERSION = YES;
				CLANG_WARN_OBJC_ROOT_CLASS = YES_ERROR;
				CLANG_WARN_UNREACHABLE_CODE = YES;
				CLANG_WARN__DUPLICATE_METHOD_MATCH = YES;
				"CODE_SIGN_IDENTITY[sdk=iphoneos*]" = "iPhone Developer";
				COPY_PHASE_STRIP = NO;
				DEBUG_INFORMATION_FORMAT = "dwarf-with-dsym";
				ENABLE_STRICT_OBJC_MSGSEND = YES;
				GCC_C_LANGUAGE_STANDARD = gnu99;
				GCC_DYNAMIC_NO_PIC = NO;
				GCC_NO_COMMON_BLOCKS = YES;
				GCC_OPTIMIZATION_LEVEL = 0;
				GCC_PREPROCESSOR_DEFINITIONS = (
					"DEBUG=1",
					"$(inherited)",
				);
				GCC_SYMBOLS_PRIVATE_EXTERN = NO;
				GCC_WARN_64_TO_32_BIT_CONVERSION = YES;
				GCC_WARN_ABOUT_RETURN_TYPE = YES_ERROR;
				GCC_WARN_UNDECLARED_SELECTOR = YES;
				GCC_WARN_UNINITIALIZED_AUTOS = YES_AGGRESSIVE;
				GCC_WARN_UNUSED_FUNCTION = YES;
				GCC_WARN_UNUSED_VARIABLE = YES;
				IPHONEOS_DEPLOYMENT_TARGET = 8.3;
				MTL_ENABLE_DEBUG_INFO = YES;
				ONLY_ACTIVE_ARCH = YES;
				SDKROOT = iphoneos;
				SWIFT_OPTIMIZATION_LEVEL = "-Onone";
			};
			name = Debug;
		};
		705026811B0C773300B31919 /* Release */ = {
			isa = XCBuildConfiguration;
			buildSettings = {
				ALWAYS_SEARCH_USER_PATHS = NO;
				CLANG_CXX_LANGUAGE_STANDARD = "gnu++0x";
				CLANG_CXX_LIBRARY = "libc++";
				CLANG_ENABLE_MODULES = YES;
				CLANG_ENABLE_OBJC_ARC = YES;
				CLANG_WARN_BOOL_CONVERSION = YES;
				CLANG_WARN_CONSTANT_CONVERSION = YES;
				CLANG_WARN_DIRECT_OBJC_ISA_USAGE = YES_ERROR;
				CLANG_WARN_EMPTY_BODY = YES;
				CLANG_WARN_ENUM_CONVERSION = YES;
				CLANG_WARN_INT_CONVERSION = YES;
				CLANG_WARN_OBJC_ROOT_CLASS = YES_ERROR;
				CLANG_WARN_UNREACHABLE_CODE = YES;
				CLANG_WARN__DUPLICATE_METHOD_MATCH = YES;
				"CODE_SIGN_IDENTITY[sdk=iphoneos*]" = "iPhone Developer";
				COPY_PHASE_STRIP = NO;
				DEBUG_INFORMATION_FORMAT = "dwarf-with-dsym";
				ENABLE_NS_ASSERTIONS = NO;
				ENABLE_STRICT_OBJC_MSGSEND = YES;
				GCC_C_LANGUAGE_STANDARD = gnu99;
				GCC_NO_COMMON_BLOCKS = YES;
				GCC_WARN_64_TO_32_BIT_CONVERSION = YES;
				GCC_WARN_ABOUT_RETURN_TYPE = YES_ERROR;
				GCC_WARN_UNDECLARED_SELECTOR = YES;
				GCC_WARN_UNINITIALIZED_AUTOS = YES_AGGRESSIVE;
				GCC_WARN_UNUSED_FUNCTION = YES;
				GCC_WARN_UNUSED_VARIABLE = YES;
				IPHONEOS_DEPLOYMENT_TARGET = 8.3;
				MTL_ENABLE_DEBUG_INFO = NO;
				SDKROOT = iphoneos;
				VALIDATE_PRODUCT = YES;
			};
			name = Release;
		};
		705026831B0C773300B31919 /* Debug */ = {
			isa = XCBuildConfiguration;
			buildSettings = {
				ASSETCATALOG_COMPILER_APPICON_NAME = AppIcon;
				INFOPLIST_FILE = "Pitch Perfect/Info.plist";
				LD_RUNPATH_SEARCH_PATHS = "$(inherited) @executable_path/Frameworks";
				PRODUCT_NAME = "$(TARGET_NAME)";
			};
			name = Debug;
		};
		705026841B0C773300B31919 /* Release */ = {
			isa = XCBuildConfiguration;
			buildSettings = {
				ASSETCATALOG_COMPILER_APPICON_NAME = AppIcon;
				INFOPLIST_FILE = "Pitch Perfect/Info.plist";
				LD_RUNPATH_SEARCH_PATHS = "$(inherited) @executable_path/Frameworks";
				PRODUCT_NAME = "$(TARGET_NAME)";
			};
			name = Release;
		};
		705026861B0C773300B31919 /* Debug */ = {
			isa = XCBuildConfiguration;
			buildSettings = {
				BUNDLE_LOADER = "$(TEST_HOST)";
				FRAMEWORK_SEARCH_PATHS = (
					"$(SDKROOT)/Developer/Library/Frameworks",
					"$(inherited)",
				);
				GCC_PREPROCESSOR_DEFINITIONS = (
					"DEBUG=1",
					"$(inherited)",
				);
				INFOPLIST_FILE = "Pitch PerfectTests/Info.plist";
				LD_RUNPATH_SEARCH_PATHS = "$(inherited) @executable_path/Frameworks @loader_path/Frameworks";
				PRODUCT_NAME = "$(TARGET_NAME)";
				TEST_HOST = "$(BUILT_PRODUCTS_DIR)/Pitch Perfect.app/Pitch Perfect";
			};
			name = Debug;
		};
		705026871B0C773300B31919 /* Release */ = {
			isa = XCBuildConfiguration;
			buildSettings = {
				BUNDLE_LOADER = "$(TEST_HOST)";
				FRAMEWORK_SEARCH_PATHS = (
					"$(SDKROOT)/Developer/Library/Frameworks",
					"$(inherited)",
				);
				INFOPLIST_FILE = "Pitch PerfectTests/Info.plist";
				LD_RUNPATH_SEARCH_PATHS = "$(inherited) @executable_path/Frameworks @loader_path/Frameworks";
				PRODUCT_NAME = "$(TARGET_NAME)";
				TEST_HOST = "$(BUILT_PRODUCTS_DIR)/Pitch Perfect.app/Pitch Perfect";
			};
			name = Release;
		};
/* End XCBuildConfiguration section */

/* Begin XCConfigurationList section */
		7050265E1B0C773300B31919 /* Build configuration list for PBXProject "Pitch Perfect" */ = {
			isa = XCConfigurationList;
			buildConfigurations = (
				705026801B0C773300B31919 /* Debug */,
				705026811B0C773300B31919 /* Release */,
			);
			defaultConfigurationIsVisible = 0;
			defaultConfigurationName = Release;
		};
		705026821B0C773300B31919 /* Build configuration list for PBXNativeTarget "Pitch Perfect" */ = {
			isa = XCConfigurationList;
			buildConfigurations = (
				705026831B0C773300B31919 /* Debug */,
				705026841B0C773300B31919 /* Release */,
			);
			defaultConfigurationIsVisible = 0;
			defaultConfigurationName = Release;
		};
		705026851B0C773300B31919 /* Build configuration list for PBXNativeTarget "Pitch PerfectTests" */ = {
			isa = XCConfigurationList;
			buildConfigurations = (
				705026861B0C773300B31919 /* Debug */,
				705026871B0C773300B31919 /* Release */,
			);
			defaultConfigurationIsVisible = 0;
			defaultConfigurationName = Release;
		};
/* End XCConfigurationList section */
	};
	rootObject = 7050265B1B0C773300B31919 /* Project object */;
}
